{
  "requires": true,
  "lockfileVersion": 1,
  "dependencies": {
    "sweetalert2": {
      "version": "10.2.0",
      "resolved": "https://registry.npmjs.org/sweetalert2/-/sweetalert2-10.2.0.tgz",
      "integrity": "sha512-rFDcsFbc0NGryGl0iUSzwAAgM3vjpVFVJbqyjjufgCyCOlWNjz1/ZD9enyG40oGd2no088EcYLpcg2fwYon2jA=="
    }
  }
}
